
Microsoft Visual Studio Solution File, Format Version 12.00
# Visual Studio 15
Project("{FAE04EC0-301F-11D3-BF4B-00C04F79EFBC}") = "Oculus.Platform", "Oculus.Platform.csproj", "{6C057157-D581-3D0D-3A90-9F47866D62DA}"
EndProject
Project("{FAE04EC0-301F-11D3-BF4B-00C04F79EFBC}") = "Assembly-CSharp", "Assembly-CSharp.csproj", "{C69687DD-C35D-9B4E-800A-98F5ED5943F9}"
EndProject
Project("{FAE04EC0-301F-11D3-BF4B-00C04F79EFBC}") = "Meta.WitAi", "Meta.WitAi.csproj", "{8A21D042-2327-9DAA-E2EB-8EEBD86E1A63}"
EndProject
Project("{FAE04EC0-301F-11D3-BF4B-00C04F79EFBC}") = "Oculus.Interaction", "Oculus.Interaction.csproj", "{DA637884-E806-951F-38AC-CDCD6D3400EB}"
EndProject
Project("{FAE04EC0-301F-11D3-BF4B-00C04F79EFBC}") = "Oculus.VR", "Oculus.VR.csproj", "{3B9895BB-8342-6518-0A87-C6EB5DEEC432}"
EndProject
Project("{FAE04EC0-301F-11D3-BF4B-00C04F79EFBC}") = "Meta.XR.BuildingBlocks", "Meta.XR.BuildingBlocks.csproj", "{C0C2D3A8-3260-46BF-0BAE-870B81675FDD}"
EndProject
Project("{FAE04EC0-301F-11D3-BF4B-00C04F79EFBC}") = "VoiceSDK.Dictation.Runtime", "VoiceSDK.Dictation.Runtime.csproj", "{87897050-392D-5D9A-9A91-087BF7F8C2B5}"
EndProject
Project("{FAE04EC0-301F-11D3-BF4B-00C04F79EFBC}") = "Meta.WitAi.Lib", "Meta.WitAi.Lib.csproj", "{C4CE58C6-F03D-40E2-2FB2-95031C949381}"
EndProject
Project("{FAE04EC0-301F-11D3-BF4B-00C04F79EFBC}") = "Meta.Voice.Hub.Runtime", "Meta.Voice.Hub.Runtime.csproj", "{8282D7A6-3372-7382-CDDE-FA76432647B5}"
EndProject
Project("{FAE04EC0-301F-11D3-BF4B-00C04F79EFBC}") = "VoiceSDK.Runtime", "VoiceSDK.Runtime.csproj", "{4FC242A0-684E-DFA2-BC60-29785816A5EF}"
EndProject
Project("{FAE04EC0-301F-11D3-BF4B-00C04F79EFBC}") = "Oculus.Interaction.OVR.Samples", "Oculus.Interaction.OVR.Samples.csproj", "{A4AE7732-4A32-8291-217E-6897B712CD73}"
EndProject
Project("{FAE04EC0-301F-11D3-BF4B-00C04F79EFBC}") = "Oculus.Interaction.OVR", "Oculus.Interaction.OVR.csproj", "{F3713E18-9184-A06E-EC6B-4FD35D258C39}"
EndProject
Project("{FAE04EC0-301F-11D3-BF4B-00C04F79EFBC}") = "AssistantCoreSDKRuntime", "AssistantCoreSDKRuntime.csproj", "{7ACF4DE0-80D3-B875-B754-8D70E2DD27F4}"
EndProject
Project("{FAE04EC0-301F-11D3-BF4B-00C04F79EFBC}") = "Meta.WitAi.Conduit", "Meta.WitAi.Conduit.csproj", "{40AC4CB1-1AC7-38A9-6FB7-0527C269BCF5}"
EndProject
Project("{FAE04EC0-301F-11D3-BF4B-00C04F79EFBC}") = "Oculus.AudioManager", "Oculus.AudioManager.csproj", "{B2F10D85-F963-B8C2-7F2B-84F71943D721}"
EndProject
Project("{FAE04EC0-301F-11D3-BF4B-00C04F79EFBC}") = "Oculus.LipSync", "Oculus.LipSync.csproj", "{5689FC00-CF1C-DAF6-3A7F-E5707C7DFD76}"
EndProject
Project("{FAE04EC0-301F-11D3-BF4B-00C04F79EFBC}") = "Oculus.Spatializer", "Oculus.Spatializer.csproj", "{E04373E4-7183-156B-33C1-2862F7737128}"
EndProject
Project("{FAE04EC0-301F-11D3-BF4B-00C04F79EFBC}") = "Meta.Voice.Samples.Shapes", "Meta.Voice.Samples.Shapes.csproj", "{D7319177-993C-606F-D128-A0035956D01E}"
EndProject
Project("{FAE04EC0-301F-11D3-BF4B-00C04F79EFBC}") = "Meta.WitAi.TTS", "Meta.WitAi.TTS.csproj", "{BD8ABA22-DAD9-082F-EEE8-7FDB4A6E4EA0}"
EndProject
Project("{FAE04EC0-301F-11D3-BF4B-00C04F79EFBC}") = "Meta.Voice.Samples.TTSVoices", "Meta.Voice.Samples.TTSVoices.csproj", "{C13297DF-EC67-B511-71DF-3D852590AE20}"
EndProject
Project("{FAE04EC0-301F-11D3-BF4B-00C04F79EFBC}") = "Meta.VoiceSDK.Mic.Other", "Meta.VoiceSDK.Mic.Other.csproj", "{34868699-5C8E-33D8-8611-4214D0EA270C}"
EndProject
Project("{FAE04EC0-301F-11D3-BF4B-00C04F79EFBC}") = "Meta.Voice.Samples.Chess", "Meta.Voice.Samples.Chess.csproj", "{165C2D12-697B-038B-6493-07C773921D7E}"
EndProject
Project("{FAE04EC0-301F-11D3-BF4B-00C04F79EFBC}") = "Meta.VoiceSDK.Mic.WebGL", "Meta.VoiceSDK.Mic.WebGL.csproj", "{70CC7048-2BB4-12FD-38C4-E5C301233EEF}"
EndProject
Project("{FAE04EC0-301F-11D3-BF4B-00C04F79EFBC}") = "Meta.VoiceSDK.Mic.Common", "Meta.VoiceSDK.Mic.Common.csproj", "{04238108-DF7C-E0FE-74ED-FC3AC5DA0EB1}"
EndProject
Project("{FAE04EC0-301F-11D3-BF4B-00C04F79EFBC}") = "Facebook.Wit.Dictation", "Facebook.Wit.Dictation.csproj", "{EA51F50E-73E6-0501-8547-6E4D19AD5DEF}"
EndProject
Project("{FAE04EC0-301F-11D3-BF4B-00C04F79EFBC}") = "Meta.Voice.Samples.LightTraits", "Meta.Voice.Samples.LightTraits.csproj", "{9C3CE789-2FF4-FCEB-F96C-18C447476B00}"
EndProject
Project("{FAE04EC0-301F-11D3-BF4B-00C04F79EFBC}") = "Meta.Voice.Samples.ShapesConduit", "Meta.Voice.Samples.ShapesConduit.csproj", "{953E3A30-E43D-16DB-1096-3C7E0C1BF3E2}"
EndProject
Project("{FAE04EC0-301F-11D3-BF4B-00C04F79EFBC}") = "Meta.Voice.Samples.BuiltInTimer", "Meta.Voice.Samples.BuiltInTimer.csproj", "{5A665D67-B187-11E3-8876-DF6853D2F9B1}"
EndProject
Project("{FAE04EC0-301F-11D3-BF4B-00C04F79EFBC}") = "Meta.Voice.Samples.LiveUnderstanding", "Meta.Voice.Samples.LiveUnderstanding.csproj", "{7283219C-9352-7164-F054-9B30BF2A695B}"
EndProject
Project("{FAE04EC0-301F-11D3-BF4B-00C04F79EFBC}") = "Meta.Voice.Samples.Dictation", "Meta.Voice.Samples.Dictation.csproj", "{8C2E8FB1-71F9-CEE4-63B3-D42D7A330480}"
EndProject
Project("{FAE04EC0-301F-11D3-BF4B-00C04F79EFBC}") = "Meta.WitAi.Editor", "Meta.WitAi.Editor.csproj", "{4D434CB8-6F94-3C01-DAF5-E8AD508A55E2}"
EndProject
Project("{FAE04EC0-301F-11D3-BF4B-00C04F79EFBC}") = "Meta.WitAI.Lib.Editor", "Meta.WitAI.Lib.Editor.csproj", "{A3505795-2737-167B-84AF-2BB6AC4737B8}"
EndProject
Project("{FAE04EC0-301F-11D3-BF4B-00C04F79EFBC}") = "Oculus.VR.Editor", "Oculus.VR.Editor.csproj", "{39C9EA97-F427-C70E-33D4-3401437E07BF}"
EndProject
Project("{FAE04EC0-301F-11D3-BF4B-00C04F79EFBC}") = "Meta.WitAi.Conduit.Editor", "Meta.WitAi.Conduit.Editor.csproj", "{685399DF-B4C0-6554-8D2C-17561B7123E3}"
EndProject
Project("{FAE04EC0-301F-11D3-BF4B-00C04F79EFBC}") = "Meta.Voice.Hub.Editor", "Meta.Voice.Hub.Editor.csproj", "{1CA66CC7-E77A-5CDC-CEF5-A2DE5D135830}"
EndProject
Project("{FAE04EC0-301F-11D3-BF4B-00C04F79EFBC}") = "VoiceSDK.Telemetry", "VoiceSDK.Telemetry.csproj", "{E7539227-8669-4DD6-4634-305EF386CBFD}"
EndProject
Project("{FAE04EC0-301F-11D3-BF4B-00C04F79EFBC}") = "Oculus.Interaction.Editor", "Oculus.Interaction.Editor.csproj", "{D244F3A3-2E2E-BEEC-D76A-F642D166A073}"
EndProject
Project("{FAE04EC0-301F-11D3-BF4B-00C04F79EFBC}") = "Oculus.Interaction.OVR.Editor", "Oculus.Interaction.OVR.Editor.csproj", "{D7A6785C-5400-6245-D95C-8D6DA0577C9D}"
EndProject
Project("{FAE04EC0-301F-11D3-BF4B-00C04F79EFBC}") = "Meta.XR.BuildingBlocks.Editor", "Meta.XR.BuildingBlocks.Editor.csproj", "{6E8B5A96-07E6-CE1E-1F75-5BC136FA9255}"
EndProject
Project("{FAE04EC0-301F-11D3-BF4B-00C04F79EFBC}") = "Assembly-CSharp-Editor", "Assembly-CSharp-Editor.csproj", "{0CFC75AE-8D10-1A8A-0613-72913B5B56F6}"
EndProject
Project("{FAE04EC0-301F-11D3-BF4B-00C04F79EFBC}") = "Oculus.VR.Scripts.Editor", "Oculus.VR.Scripts.Editor.csproj", "{0E373544-BB3D-AC91-AE67-8A8B03FECA84}"
EndProject
Project("{FAE04EC0-301F-11D3-BF4B-00C04F79EFBC}") = "Oculus.Spatializer.Editor", "Oculus.Spatializer.Editor.csproj", "{1D7DA312-EC4E-A1F9-E665-F92E1DA675F2}"
EndProject
Project("{FAE04EC0-301F-11D3-BF4B-00C04F79EFBC}") = "Meta.WitAi.TTS.Editor", "Meta.WitAi.TTS.Editor.csproj", "{FD678233-1E84-4C85-EF91-0E1678EAB4EB}"
EndProject
Project("{FAE04EC0-301F-11D3-BF4B-00C04F79EFBC}") = "VoiceSDK.Dictation.Editor", "VoiceSDK.Dictation.Editor.csproj", "{ABF3958E-9496-025B-3AE3-B3D54D845D1C}"
EndProject
Project("{FAE04EC0-301F-11D3-BF4B-00C04F79EFBC}") = "Oculus.Platform.Editor", "Oculus.Platform.Editor.csproj", "{60EA22EB-FF13-01D1-EFC2-0EBF8E93F3B4}"
EndProject
Project("{FAE04EC0-301F-11D3-BF4B-00C04F79EFBC}") = "VoiceSDK.Editor", "VoiceSDK.Editor.csproj", "{556DC605-E274-4C57-0F90-E55FC08FF20C}"
EndProject
Project("{FAE04EC0-301F-11D3-BF4B-00C04F79EFBC}") = "Oculus.AudioManager.Audio.Editor", "Oculus.AudioManager.Audio.Editor.csproj", "{E3A36A4D-D0AF-9BE9-4FCD-DAA471D72AE5}"
EndProject
Project("{FAE04EC0-301F-11D3-BF4B-00C04F79EFBC}") = "Oculus.LipSync.Editor", "Oculus.LipSync.Editor.csproj", "{5C73B948-6F02-95D9-B970-39E233166B5C}"
EndProject
Project("{FAE04EC0-301F-11D3-BF4B-00C04F79EFBC}") = "Oculus.AudioManager.Utils.Editor", "Oculus.AudioManager.Utils.Editor.csproj", "{947284EB-9AF2-99E8-CDA9-96A4309A100E}"
EndProject
Project("{FAE04EC0-301F-11D3-BF4B-00C04F79EFBC}") = "Oculus.Interaction.Samples.Editor", "Oculus.Interaction.Samples.Editor.csproj", "{1807BC98-6033-492D-1490-389387671E32}"
EndProject
Project("{FAE04EC0-301F-11D3-BF4B-00C04F79EFBC}") = "Facebook.Wit.Dictation.Editor", "Facebook.Wit.Dictation.Editor.csproj", "{5CF7905A-9F54-B55B-5720-E6FB494E5130}"
EndProject
Project("{FAE04EC0-301F-11D3-BF4B-00C04F79EFBC}") = "Oculus.Interaction.InterfaceSupport", "Oculus.Interaction.InterfaceSupport.csproj", "{EB30B05B-1273-811B-6FB2-DAA3C9221488}"
EndProject
Project("{FAE04EC0-301F-11D3-BF4B-00C04F79EFBC}") = "Meta.Voice.VSDKHub.Editor", "Meta.Voice.VSDKHub.Editor.csproj", "{07C9B669-ACCE-B37D-1A10-A3CE3CDF4AF9}"
EndProject
Project("{FAE04EC0-301F-11D3-BF4B-00C04F79EFBC}") = "AssistantCoreSDKEditor", "AssistantCoreSDKEditor.csproj", "{272094B8-6ECB-E932-23E4-3B13E09E7A9F}"
EndProject
Global
	GlobalSection(SolutionConfigurationPlatforms) = preSolution
		Debug|Any CPU = Debug|Any CPU
		Release|Any CPU = Release|Any CPU
	EndGlobalSection
	GlobalSection(ProjectConfigurationPlatforms) = postSolution
		{6C057157-D581-3D0D-3A90-9F47866D62DA}.Debug|Any CPU.ActiveCfg = Debug|Any CPU
		{6C057157-D581-3D0D-3A90-9F47866D62DA}.Debug|Any CPU.Build.0 = Debug|Any CPU
		{6C057157-D581-3D0D-3A90-9F47866D62DA}.Release|Any CPU.ActiveCfg = Release|Any CPU
		{6C057157-D581-3D0D-3A90-9F47866D62DA}.Release|Any CPU.Build.0 = Release|Any CPU
		{C69687DD-C35D-9B4E-800A-98F5ED5943F9}.Debug|Any CPU.ActiveCfg = Debug|Any CPU
		{C69687DD-C35D-9B4E-800A-98F5ED5943F9}.Debug|Any CPU.Build.0 = Debug|Any CPU
		{C69687DD-C35D-9B4E-800A-98F5ED5943F9}.Release|Any CPU.ActiveCfg = Release|Any CPU
		{C69687DD-C35D-9B4E-800A-98F5ED5943F9}.Release|Any CPU.Build.0 = Release|Any CPU
		{8A21D042-2327-9DAA-E2EB-8EEBD86E1A63}.Debug|Any CPU.ActiveCfg = Debug|Any CPU
		{8A21D042-2327-9DAA-E2EB-8EEBD86E1A63}.Debug|Any CPU.Build.0 = Debug|Any CPU
		{8A21D042-2327-9DAA-E2EB-8EEBD86E1A63}.Release|Any CPU.ActiveCfg = Release|Any CPU
		{8A21D042-2327-9DAA-E2EB-8EEBD86E1A63}.Release|Any CPU.Build.0 = Release|Any CPU
		{DA637884-E806-951F-38AC-CDCD6D3400EB}.Debug|Any CPU.ActiveCfg = Debug|Any CPU
		{DA637884-E806-951F-38AC-CDCD6D3400EB}.Debug|Any CPU.Build.0 = Debug|Any CPU
		{DA637884-E806-951F-38AC-CDCD6D3400EB}.Release|Any CPU.ActiveCfg = Release|Any CPU
		{DA637884-E806-951F-38AC-CDCD6D3400EB}.Release|Any CPU.Build.0 = Release|Any CPU
		{3B9895BB-8342-6518-0A87-C6EB5DEEC432}.Debug|Any CPU.ActiveCfg = Debug|Any CPU
		{3B9895BB-8342-6518-0A87-C6EB5DEEC432}.Debug|Any CPU.Build.0 = Debug|Any CPU
		{3B9895BB-8342-6518-0A87-C6EB5DEEC432}.Release|Any CPU.ActiveCfg = Release|Any CPU
		{3B9895BB-8342-6518-0A87-C6EB5DEEC432}.Release|Any CPU.Build.0 = Release|Any CPU
		{C0C2D3A8-3260-46BF-0BAE-870B81675FDD}.Debug|Any CPU.ActiveCfg = Debug|Any CPU
		{C0C2D3A8-3260-46BF-0BAE-870B81675FDD}.Debug|Any CPU.Build.0 = Debug|Any CPU
		{C0C2D3A8-3260-46BF-0BAE-870B81675FDD}.Release|Any CPU.ActiveCfg = Release|Any CPU
		{C0C2D3A8-3260-46BF-0BAE-870B81675FDD}.Release|Any CPU.Build.0 = Release|Any CPU
		{87897050-392D-5D9A-9A91-087BF7F8C2B5}.Debug|Any CPU.ActiveCfg = Debug|Any CPU
		{87897050-392D-5D9A-9A91-087BF7F8C2B5}.Debug|Any CPU.Build.0 = Debug|Any CPU
		{87897050-392D-5D9A-9A91-087BF7F8C2B5}.Release|Any CPU.ActiveCfg = Release|Any CPU
		{87897050-392D-5D9A-9A91-087BF7F8C2B5}.Release|Any CPU.Build.0 = Release|Any CPU
		{C4CE58C6-F03D-40E2-2FB2-95031C949381}.Debug|Any CPU.ActiveCfg = Debug|Any CPU
		{C4CE58C6-F03D-40E2-2FB2-95031C949381}.Debug|Any CPU.Build.0 = Debug|Any CPU
		{C4CE58C6-F03D-40E2-2FB2-95031C949381}.Release|Any CPU.ActiveCfg = Release|Any CPU
		{C4CE58C6-F03D-40E2-2FB2-95031C949381}.Release|Any CPU.Build.0 = Release|Any CPU
		{8282D7A6-3372-7382-CDDE-FA76432647B5}.Debug|Any CPU.ActiveCfg = Debug|Any CPU
		{8282D7A6-3372-7382-CDDE-FA76432647B5}.Debug|Any CPU.Build.0 = Debug|Any CPU
		{8282D7A6-3372-7382-CDDE-FA76432647B5}.Release|Any CPU.ActiveCfg = Release|Any CPU
		{8282D7A6-3372-7382-CDDE-FA76432647B5}.Release|Any CPU.Build.0 = Release|Any CPU
		{4FC242A0-684E-DFA2-BC60-29785816A5EF}.Debug|Any CPU.ActiveCfg = Debug|Any CPU
		{4FC242A0-684E-DFA2-BC60-29785816A5EF}.Debug|Any CPU.Build.0 = Debug|Any CPU
		{4FC242A0-684E-DFA2-BC60-29785816A5EF}.Release|Any CPU.ActiveCfg = Release|Any CPU
		{4FC242A0-684E-DFA2-BC60-29785816A5EF}.Release|Any CPU.Build.0 = Release|Any CPU
		{A4AE7732-4A32-8291-217E-6897B712CD73}.Debug|Any CPU.ActiveCfg = Debug|Any CPU
		{A4AE7732-4A32-8291-217E-6897B712CD73}.Debug|Any CPU.Build.0 = Debug|Any CPU
		{A4AE7732-4A32-8291-217E-6897B712CD73}.Release|Any CPU.ActiveCfg = Release|Any CPU
		{A4AE7732-4A32-8291-217E-6897B712CD73}.Release|Any CPU.Build.0 = Release|Any CPU
		{F3713E18-9184-A06E-EC6B-4FD35D258C39}.Debug|Any CPU.ActiveCfg = Debug|Any CPU
		{F3713E18-9184-A06E-EC6B-4FD35D258C39}.Debug|Any CPU.Build.0 = Debug|Any CPU
		{F3713E18-9184-A06E-EC6B-4FD35D258C39}.Release|Any CPU.ActiveCfg = Release|Any CPU
		{F3713E18-9184-A06E-EC6B-4FD35D258C39}.Release|Any CPU.Build.0 = Release|Any CPU
		{7ACF4DE0-80D3-B875-B754-8D70E2DD27F4}.Debug|Any CPU.ActiveCfg = Debug|Any CPU
		{7ACF4DE0-80D3-B875-B754-8D70E2DD27F4}.Debug|Any CPU.Build.0 = Debug|Any CPU
		{7ACF4DE0-80D3-B875-B754-8D70E2DD27F4}.Release|Any CPU.ActiveCfg = Release|Any CPU
		{7ACF4DE0-80D3-B875-B754-8D70E2DD27F4}.Release|Any CPU.Build.0 = Release|Any CPU
		{40AC4CB1-1AC7-38A9-6FB7-0527C269BCF5}.Debug|Any CPU.ActiveCfg = Debug|Any CPU
		{40AC4CB1-1AC7-38A9-6FB7-0527C269BCF5}.Debug|Any CPU.Build.0 = Debug|Any CPU
		{40AC4CB1-1AC7-38A9-6FB7-0527C269BCF5}.Release|Any CPU.ActiveCfg = Release|Any CPU
		{40AC4CB1-1AC7-38A9-6FB7-0527C269BCF5}.Release|Any CPU.Build.0 = Release|Any CPU
		{B2F10D85-F963-B8C2-7F2B-84F71943D721}.Debug|Any CPU.ActiveCfg = Debug|Any CPU
		{B2F10D85-F963-B8C2-7F2B-84F71943D721}.Debug|Any CPU.Build.0 = Debug|Any CPU
		{B2F10D85-F963-B8C2-7F2B-84F71943D721}.Release|Any CPU.ActiveCfg = Release|Any CPU
		{B2F10D85-F963-B8C2-7F2B-84F71943D721}.Release|Any CPU.Build.0 = Release|Any CPU
		{5689FC00-CF1C-DAF6-3A7F-E5707C7DFD76}.Debug|Any CPU.ActiveCfg = Debug|Any CPU
		{5689FC00-CF1C-DAF6-3A7F-E5707C7DFD76}.Debug|Any CPU.Build.0 = Debug|Any CPU
		{5689FC00-CF1C-DAF6-3A7F-E5707C7DFD76}.Release|Any CPU.ActiveCfg = Release|Any CPU
		{5689FC00-CF1C-DAF6-3A7F-E5707C7DFD76}.Release|Any CPU.Build.0 = Release|Any CPU
		{E04373E4-7183-156B-33C1-2862F7737128}.Debug|Any CPU.ActiveCfg = Debug|Any CPU
		{E04373E4-7183-156B-33C1-2862F7737128}.Debug|Any CPU.Build.0 = Debug|Any CPU
		{E04373E4-7183-156B-33C1-2862F7737128}.Release|Any CPU.ActiveCfg = Release|Any CPU
		{E04373E4-7183-156B-33C1-2862F7737128}.Release|Any CPU.Build.0 = Release|Any CPU
		{D7319177-993C-606F-D128-A0035956D01E}.Debug|Any CPU.ActiveCfg = Debug|Any CPU
		{D7319177-993C-606F-D128-A0035956D01E}.Debug|Any CPU.Build.0 = Debug|Any CPU
		{D7319177-993C-606F-D128-A0035956D01E}.Release|Any CPU.ActiveCfg = Release|Any CPU
		{D7319177-993C-606F-D128-A0035956D01E}.Release|Any CPU.Build.0 = Release|Any CPU
		{BD8ABA22-DAD9-082F-EEE8-7FDB4A6E4EA0}.Debug|Any CPU.ActiveCfg = Debug|Any CPU
		{BD8ABA22-DAD9-082F-EEE8-7FDB4A6E4EA0}.Debug|Any CPU.Build.0 = Debug|Any CPU
		{BD8ABA22-DAD9-082F-EEE8-7FDB4A6E4EA0}.Release|Any CPU.ActiveCfg = Release|Any CPU
		{BD8ABA22-DAD9-082F-EEE8-7FDB4A6E4EA0}.Release|Any CPU.Build.0 = Release|Any CPU
		{C13297DF-EC67-B511-71DF-3D852590AE20}.Debug|Any CPU.ActiveCfg = Debug|Any CPU
		{C13297DF-EC67-B511-71DF-3D852590AE20}.Debug|Any CPU.Build.0 = Debug|Any CPU
		{C13297DF-EC67-B511-71DF-3D852590AE20}.Release|Any CPU.ActiveCfg = Release|Any CPU
		{C13297DF-EC67-B511-71DF-3D852590AE20}.Release|Any CPU.Build.0 = Release|Any CPU
		{34868699-5C8E-33D8-8611-4214D0EA270C}.Debug|Any CPU.ActiveCfg = Debug|Any CPU
		{34868699-5C8E-33D8-8611-4214D0EA270C}.Debug|Any CPU.Build.0 = Debug|Any CPU
		{34868699-5C8E-33D8-8611-4214D0EA270C}.Release|Any CPU.ActiveCfg = Release|Any CPU
		{34868699-5C8E-33D8-8611-4214D0EA270C}.Release|Any CPU.Build.0 = Release|Any CPU
		{165C2D12-697B-038B-6493-07C773921D7E}.Debug|Any CPU.ActiveCfg = Debug|Any CPU
		{165C2D12-697B-038B-6493-07C773921D7E}.Debug|Any CPU.Build.0 = Debug|Any CPU
		{165C2D12-697B-038B-6493-07C773921D7E}.Release|Any CPU.ActiveCfg = Release|Any CPU
		{165C2D12-697B-038B-6493-07C773921D7E}.Release|Any CPU.Build.0 = Release|Any CPU
		{70CC7048-2BB4-12FD-38C4-E5C301233EEF}.Debug|Any CPU.ActiveCfg = Debug|Any CPU
		{70CC7048-2BB4-12FD-38C4-E5C301233EEF}.Debug|Any CPU.Build.0 = Debug|Any CPU
		{70CC7048-2BB4-12FD-38C4-E5C301233EEF}.Release|Any CPU.ActiveCfg = Release|Any CPU
		{70CC7048-2BB4-12FD-38C4-E5C301233EEF}.Release|Any CPU.Build.0 = Release|Any CPU
		{04238108-DF7C-E0FE-74ED-FC3AC5DA0EB1}.Debug|Any CPU.ActiveCfg = Debug|Any CPU
		{04238108-DF7C-E0FE-74ED-FC3AC5DA0EB1}.Debug|Any CPU.Build.0 = Debug|Any CPU
		{04238108-DF7C-E0FE-74ED-FC3AC5DA0EB1}.Release|Any CPU.ActiveCfg = Release|Any CPU
		{04238108-DF7C-E0FE-74ED-FC3AC5DA0EB1}.Release|Any CPU.Build.0 = Release|Any CPU
		{EA51F50E-73E6-0501-8547-6E4D19AD5DEF}.Debug|Any CPU.ActiveCfg = Debug|Any CPU
		{EA51F50E-73E6-0501-8547-6E4D19AD5DEF}.Debug|Any CPU.Build.0 = Debug|Any CPU
		{EA51F50E-73E6-0501-8547-6E4D19AD5DEF}.Release|Any CPU.ActiveCfg = Release|Any CPU
		{EA51F50E-73E6-0501-8547-6E4D19AD5DEF}.Release|Any CPU.Build.0 = Release|Any CPU
		{9C3CE789-2FF4-FCEB-F96C-18C447476B00}.Debug|Any CPU.ActiveCfg = Debug|Any CPU
		{9C3CE789-2FF4-FCEB-F96C-18C447476B00}.Debug|Any CPU.Build.0 = Debug|Any CPU
		{9C3CE789-2FF4-FCEB-F96C-18C447476B00}.Release|Any CPU.ActiveCfg = Release|Any CPU
		{9C3CE789-2FF4-FCEB-F96C-18C447476B00}.Release|Any CPU.Build.0 = Release|Any CPU
		{953E3A30-E43D-16DB-1096-3C7E0C1BF3E2}.Debug|Any CPU.ActiveCfg = Debug|Any CPU
		{953E3A30-E43D-16DB-1096-3C7E0C1BF3E2}.Debug|Any CPU.Build.0 = Debug|Any CPU
		{953E3A30-E43D-16DB-1096-3C7E0C1BF3E2}.Release|Any CPU.ActiveCfg = Release|Any CPU
		{953E3A30-E43D-16DB-1096-3C7E0C1BF3E2}.Release|Any CPU.Build.0 = Release|Any CPU
		{5A665D67-B187-11E3-8876-DF6853D2F9B1}.Debug|Any CPU.ActiveCfg = Debug|Any CPU
		{5A665D67-B187-11E3-8876-DF6853D2F9B1}.Debug|Any CPU.Build.0 = Debug|Any CPU
		{5A665D67-B187-11E3-8876-DF6853D2F9B1}.Release|Any CPU.ActiveCfg = Release|Any CPU
		{5A665D67-B187-11E3-8876-DF6853D2F9B1}.Release|Any CPU.Build.0 = Release|Any CPU
		{7283219C-9352-7164-F054-9B30BF2A695B}.Debug|Any CPU.ActiveCfg = Debug|Any CPU
		{7283219C-9352-7164-F054-9B30BF2A695B}.Debug|Any CPU.Build.0 = Debug|Any CPU
		{7283219C-9352-7164-F054-9B30BF2A695B}.Release|Any CPU.ActiveCfg = Release|Any CPU
		{7283219C-9352-7164-F054-9B30BF2A695B}.Release|Any CPU.Build.0 = Release|Any CPU
		{8C2E8FB1-71F9-CEE4-63B3-D42D7A330480}.Debug|Any CPU.ActiveCfg = Debug|Any CPU
		{8C2E8FB1-71F9-CEE4-63B3-D42D7A330480}.Debug|Any CPU.Build.0 = Debug|Any CPU
		{8C2E8FB1-71F9-CEE4-63B3-D42D7A330480}.Release|Any CPU.ActiveCfg = Release|Any CPU
		{8C2E8FB1-71F9-CEE4-63B3-D42D7A330480}.Release|Any CPU.Build.0 = Release|Any CPU
		{4D434CB8-6F94-3C01-DAF5-E8AD508A55E2}.Debug|Any CPU.ActiveCfg = Debug|Any CPU
		{4D434CB8-6F94-3C01-DAF5-E8AD508A55E2}.Debug|Any CPU.Build.0 = Debug|Any CPU
		{4D434CB8-6F94-3C01-DAF5-E8AD508A55E2}.Release|Any CPU.ActiveCfg = Release|Any CPU
		{4D434CB8-6F94-3C01-DAF5-E8AD508A55E2}.Release|Any CPU.Build.0 = Release|Any CPU
		{A3505795-2737-167B-84AF-2BB6AC4737B8}.Debug|Any CPU.ActiveCfg = Debug|Any CPU
		{A3505795-2737-167B-84AF-2BB6AC4737B8}.Debug|Any CPU.Build.0 = Debug|Any CPU
		{A3505795-2737-167B-84AF-2BB6AC4737B8}.Release|Any CPU.ActiveCfg = Release|Any CPU
		{A3505795-2737-167B-84AF-2BB6AC4737B8}.Release|Any CPU.Build.0 = Release|Any CPU
		{39C9EA97-F427-C70E-33D4-3401437E07BF}.Debug|Any CPU.ActiveCfg = Debug|Any CPU
		{39C9EA97-F427-C70E-33D4-3401437E07BF}.Debug|Any CPU.Build.0 = Debug|Any CPU
		{39C9EA97-F427-C70E-33D4-3401437E07BF}.Release|Any CPU.ActiveCfg = Release|Any CPU
		{39C9EA97-F427-C70E-33D4-3401437E07BF}.Release|Any CPU.Build.0 = Release|Any CPU
		{685399DF-B4C0-6554-8D2C-17561B7123E3}.Debug|Any CPU.ActiveCfg = Debug|Any CPU
		{685399DF-B4C0-6554-8D2C-17561B7123E3}.Debug|Any CPU.Build.0 = Debug|Any CPU
		{685399DF-B4C0-6554-8D2C-17561B7123E3}.Release|Any CPU.ActiveCfg = Release|Any CPU
		{685399DF-B4C0-6554-8D2C-17561B7123E3}.Release|Any CPU.Build.0 = Release|Any CPU
		{1CA66CC7-E77A-5CDC-CEF5-A2DE5D135830}.Debug|Any CPU.ActiveCfg = Debug|Any CPU
		{1CA66CC7-E77A-5CDC-CEF5-A2DE5D135830}.Debug|Any CPU.Build.0 = Debug|Any CPU
		{1CA66CC7-E77A-5CDC-CEF5-A2DE5D135830}.Release|Any CPU.ActiveCfg = Release|Any CPU
		{1CA66CC7-E77A-5CDC-CEF5-A2DE5D135830}.Release|Any CPU.Build.0 = Release|Any CPU
		{E7539227-8669-4DD6-4634-305EF386CBFD}.Debug|Any CPU.ActiveCfg = Debug|Any CPU
		{E7539227-8669-4DD6-4634-305EF386CBFD}.Debug|Any CPU.Build.0 = Debug|Any CPU
		{E7539227-8669-4DD6-4634-305EF386CBFD}.Release|Any CPU.ActiveCfg = Release|Any CPU
		{E7539227-8669-4DD6-4634-305EF386CBFD}.Release|Any CPU.Build.0 = Release|Any CPU
		{D244F3A3-2E2E-BEEC-D76A-F642D166A073}.Debug|Any CPU.ActiveCfg = Debug|Any CPU
		{D244F3A3-2E2E-BEEC-D76A-F642D166A073}.Debug|Any CPU.Build.0 = Debug|Any CPU
		{D244F3A3-2E2E-BEEC-D76A-F642D166A073}.Release|Any CPU.ActiveCfg = Release|Any CPU
		{D244F3A3-2E2E-BEEC-D76A-F642D166A073}.Release|Any CPU.Build.0 = Release|Any CPU
		{D7A6785C-5400-6245-D95C-8D6DA0577C9D}.Debug|Any CPU.ActiveCfg = Debug|Any CPU
		{D7A6785C-5400-6245-D95C-8D6DA0577C9D}.Debug|Any CPU.Build.0 = Debug|Any CPU
		{D7A6785C-5400-6245-D95C-8D6DA0577C9D}.Release|Any CPU.ActiveCfg = Release|Any CPU
		{D7A6785C-5400-6245-D95C-8D6DA0577C9D}.Release|Any CPU.Build.0 = Release|Any CPU
		{6E8B5A96-07E6-CE1E-1F75-5BC136FA9255}.Debug|Any CPU.ActiveCfg = Debug|Any CPU
		{6E8B5A96-07E6-CE1E-1F75-5BC136FA9255}.Debug|Any CPU.Build.0 = Debug|Any CPU
		{6E8B5A96-07E6-CE1E-1F75-5BC136FA9255}.Release|Any CPU.ActiveCfg = Release|Any CPU
		{6E8B5A96-07E6-CE1E-1F75-5BC136FA9255}.Release|Any CPU.Build.0 = Release|Any CPU
		{0CFC75AE-8D10-1A8A-0613-72913B5B56F6}.Debug|Any CPU.ActiveCfg = Debug|Any CPU
		{0CFC75AE-8D10-1A8A-0613-72913B5B56F6}.Debug|Any CPU.Build.0 = Debug|Any CPU
		{0CFC75AE-8D10-1A8A-0613-72913B5B56F6}.Release|Any CPU.ActiveCfg = Release|Any CPU
		{0CFC75AE-8D10-1A8A-0613-72913B5B56F6}.Release|Any CPU.Build.0 = Release|Any CPU
		{0E373544-BB3D-AC91-AE67-8A8B03FECA84}.Debug|Any CPU.ActiveCfg = Debug|Any CPU
		{0E373544-BB3D-AC91-AE67-8A8B03FECA84}.Debug|Any CPU.Build.0 = Debug|Any CPU
		{0E373544-BB3D-AC91-AE67-8A8B03FECA84}.Release|Any CPU.ActiveCfg = Release|Any CPU
		{0E373544-BB3D-AC91-AE67-8A8B03FECA84}.Release|Any CPU.Build.0 = Release|Any CPU
		{1D7DA312-EC4E-A1F9-E665-F92E1DA675F2}.Debug|Any CPU.ActiveCfg = Debug|Any CPU
		{1D7DA312-EC4E-A1F9-E665-F92E1DA675F2}.Debug|Any CPU.Build.0 = Debug|Any CPU
		{1D7DA312-EC4E-A1F9-E665-F92E1DA675F2}.Release|Any CPU.ActiveCfg = Release|Any CPU
		{1D7DA312-EC4E-A1F9-E665-F92E1DA675F2}.Release|Any CPU.Build.0 = Release|Any CPU
		{FD678233-1E84-4C85-EF91-0E1678EAB4EB}.Debug|Any CPU.ActiveCfg = Debug|Any CPU
		{FD678233-1E84-4C85-EF91-0E1678EAB4EB}.Debug|Any CPU.Build.0 = Debug|Any CPU
		{FD678233-1E84-4C85-EF91-0E1678EAB4EB}.Release|Any CPU.ActiveCfg = Release|Any CPU
		{FD678233-1E84-4C85-EF91-0E1678EAB4EB}.Release|Any CPU.Build.0 = Release|Any CPU
		{ABF3958E-9496-025B-3AE3-B3D54D845D1C}.Debug|Any CPU.ActiveCfg = Debug|Any CPU
		{ABF3958E-9496-025B-3AE3-B3D54D845D1C}.Debug|Any CPU.Build.0 = Debug|Any CPU
		{ABF3958E-9496-025B-3AE3-B3D54D845D1C}.Release|Any CPU.ActiveCfg = Release|Any CPU
		{ABF3958E-9496-025B-3AE3-B3D54D845D1C}.Release|Any CPU.Build.0 = Release|Any CPU
		{60EA22EB-FF13-01D1-EFC2-0EBF8E93F3B4}.Debug|Any CPU.ActiveCfg = Debug|Any CPU
		{60EA22EB-FF13-01D1-EFC2-0EBF8E93F3B4}.Debug|Any CPU.Build.0 = Debug|Any CPU
		{60EA22EB-FF13-01D1-EFC2-0EBF8E93F3B4}.Release|Any CPU.ActiveCfg = Release|Any CPU
		{60EA22EB-FF13-01D1-EFC2-0EBF8E93F3B4}.Release|Any CPU.Build.0 = Release|Any CPU
		{556DC605-E274-4C57-0F90-E55FC08FF20C}.Debug|Any CPU.ActiveCfg = Debug|Any CPU
		{556DC605-E274-4C57-0F90-E55FC08FF20C}.Debug|Any CPU.Build.0 = Debug|Any CPU
		{556DC605-E274-4C57-0F90-E55FC08FF20C}.Release|Any CPU.ActiveCfg = Release|Any CPU
		{556DC605-E274-4C57-0F90-E55FC08FF20C}.Release|Any CPU.Build.0 = Release|Any CPU
		{E3A36A4D-D0AF-9BE9-4FCD-DAA471D72AE5}.Debug|Any CPU.ActiveCfg = Debug|Any CPU
		{E3A36A4D-D0AF-9BE9-4FCD-DAA471D72AE5}.Debug|Any CPU.Build.0 = Debug|Any CPU
		{E3A36A4D-D0AF-9BE9-4FCD-DAA471D72AE5}.Release|Any CPU.ActiveCfg = Release|Any CPU
		{E3A36A4D-D0AF-9BE9-4FCD-DAA471D72AE5}.Release|Any CPU.Build.0 = Release|Any CPU
		{5C73B948-6F02-95D9-B970-39E233166B5C}.Debug|Any CPU.ActiveCfg = Debug|Any CPU
		{5C73B948-6F02-95D9-B970-39E233166B5C}.Debug|Any CPU.Build.0 = Debug|Any CPU
		{5C73B948-6F02-95D9-B970-39E233166B5C}.Release|Any CPU.ActiveCfg = Release|Any CPU
		{5C73B948-6F02-95D9-B970-39E233166B5C}.Release|Any CPU.Build.0 = Release|Any CPU
		{947284EB-9AF2-99E8-CDA9-96A4309A100E}.Debug|Any CPU.ActiveCfg = Debug|Any CPU
		{947284EB-9AF2-99E8-CDA9-96A4309A100E}.Debug|Any CPU.Build.0 = Debug|Any CPU
		{947284EB-9AF2-99E8-CDA9-96A4309A100E}.Release|Any CPU.ActiveCfg = Release|Any CPU
		{947284EB-9AF2-99E8-CDA9-96A4309A100E}.Release|Any CPU.Build.0 = Release|Any CPU
		{1807BC98-6033-492D-1490-389387671E32}.Debug|Any CPU.ActiveCfg = Debug|Any CPU
		{1807BC98-6033-492D-1490-389387671E32}.Debug|Any CPU.Build.0 = Debug|Any CPU
		{1807BC98-6033-492D-1490-389387671E32}.Release|Any CPU.ActiveCfg = Release|Any CPU
		{1807BC98-6033-492D-1490-389387671E32}.Release|Any CPU.Build.0 = Release|Any CPU
		{5CF7905A-9F54-B55B-5720-E6FB494E5130}.Debug|Any CPU.ActiveCfg = Debug|Any CPU
		{5CF7905A-9F54-B55B-5720-E6FB494E5130}.Debug|Any CPU.Build.0 = Debug|Any CPU
		{5CF7905A-9F54-B55B-5720-E6FB494E5130}.Release|Any CPU.ActiveCfg = Release|Any CPU
		{5CF7905A-9F54-B55B-5720-E6FB494E5130}.Release|Any CPU.Build.0 = Release|Any CPU
		{EB30B05B-1273-811B-6FB2-DAA3C9221488}.Debug|Any CPU.ActiveCfg = Debug|Any CPU
		{EB30B05B-1273-811B-6FB2-DAA3C9221488}.Debug|Any CPU.Build.0 = Debug|Any CPU
		{EB30B05B-1273-811B-6FB2-DAA3C9221488}.Release|Any CPU.ActiveCfg = Release|Any CPU
		{EB30B05B-1273-811B-6FB2-DAA3C9221488}.Release|Any CPU.Build.0 = Release|Any CPU
		{07C9B669-ACCE-B37D-1A10-A3CE3CDF4AF9}.Debug|Any CPU.ActiveCfg = Debug|Any CPU
		{07C9B669-ACCE-B37D-1A10-A3CE3CDF4AF9}.Debug|Any CPU.Build.0 = Debug|Any CPU
		{07C9B669-ACCE-B37D-1A10-A3CE3CDF4AF9}.Release|Any CPU.ActiveCfg = Release|Any CPU
		{07C9B669-ACCE-B37D-1A10-A3CE3CDF4AF9}.Release|Any CPU.Build.0 = Release|Any CPU
		{272094B8-6ECB-E932-23E4-3B13E09E7A9F}.Debug|Any CPU.ActiveCfg = Debug|Any CPU
		{272094B8-6ECB-E932-23E4-3B13E09E7A9F}.Debug|Any CPU.Build.0 = Debug|Any CPU
		{272094B8-6ECB-E932-23E4-3B13E09E7A9F}.Release|Any CPU.ActiveCfg = Release|Any CPU
		{272094B8-6ECB-E932-23E4-3B13E09E7A9F}.Release|Any CPU.Build.0 = Release|Any CPU
	EndGlobalSection
	GlobalSection(SolutionProperties) = preSolution
		HideSolutionNode = FALSE
	EndGlobalSection
EndGlobal
